
Microsoft Visual Studio Solution File, Format Version 12.00
Project("{FAE04EC0-301F-11D3-BF4B-00C04F79EFBC}") = "GarageSale", "GarageSale\GarageSale.csproj", "{0DC33F89-2604-4796-BFDA-F9EE85C05ACD}"
EndProject
Global
	GlobalSection(SolutionConfigurationPlatforms) = preSolution
		Debug|Any CPU = Debug|Any CPU
		Release|Any CPU = Release|Any CPU
	EndGlobalSection
	GlobalSection(ProjectConfigurationPlatforms) = postSolution
		{0DC33F89-2604-4796-BFDA-F9EE85C05ACD}.Debug|Any CPU.ActiveCfg = Debug|Any CPU
		{0DC33F89-2604-4796-BFDA-F9EE85C05ACD}.Debug|Any CPU.Build.0 = Debug|Any CPU
		{0DC33F89-2604-4796-BFDA-F9EE85C05ACD}.Release|Any CPU.ActiveCfg = Release|Any CPU
		{0DC33F89-2604-4796-BFDA-F9EE85C05ACD}.Release|Any CPU.Build.0 = Release|Any CPU
	EndGlobalSection
EndGlobal
